
Microsoft Visual Studio Solution File, Format Version 12.00
# Visual Studio Version 17
VisualStudioVersion = 17.14.37614.0 d17.14
MinimumVisualStudioVersion = 10.0.40219.1
Project("{FAE04EC0-301F-11D3-BF4B-00C04F79EFBC}") = "Diccionario", "Diccionario\Diccionario.csproj", "{07D8E172-5910-4D25-8DAD-8BFADB04974E}"
EndProject
Global
	GlobalSection(SolutionConfigurationPlatforms) = preSolution
		Debug|Any CPU = Debug|Any CPU
		Release|Any CPU = Release|Any CPU
	EndGlobalSection
	GlobalSection(ProjectConfigurationPlatforms) = postSolution
		{07D8E172-5910-4D25-8DAD-8BFADB04974E}.Debug|Any CPU.ActiveCfg = Debug|Any CPU
		{07D8E172-5910-4D25-8DAD-8BFADB04974E}.Debug|Any CPU.Build.0 = Debug|Any CPU
		{07D8E172-5910-4D25-8DAD-8BFADB04974E}.Release|Any CPU.ActiveCfg = Release|Any CPU
		{07D8E172-5910-4D25-8DAD-8BFADB04974E}.Release|Any CPU.Build.0 = Release|Any CPU
	EndGlobalSection
	GlobalSection(SolutionProperties) = preSolution
		HideSolutionNode = FALSE
	EndGlobalSection
	GlobalSection(ExtensibilityGlobals) = postSolution
		SolutionGuid = {07B7497A-30A6-4B31-B4A1-BBA0CCC42BE8}
	EndGlobalSection
EndGlobal
